
Microsoft Visual Studio Solution File, Format Version 12.00
# Visual Studio Version 16
VisualStudioVersion = 16.0.30413.136
MinimumVisualStudioVersion = 10.0.40219.1
Project("{FAE04EC0-301F-11D3-BF4B-00C04F79EFBC}") = "Sarif.Viewer.VisualStudio", "Sarif.Viewer.VisualStudio\Sarif.Viewer.VisualStudio.csproj", "{689AF24B-33F0-44E9-AA2E-FACA775736A8}"
EndProject
Project("{FAE04EC0-301F-11D3-BF4B-00C04F79EFBC}") = "Sarif.Viewer.VisualStudio.UnitTests", "Sarif.Viewer.VisualStudio.UnitTests\Sarif.Viewer.VisualStudio.UnitTests.csproj", "{824ABDCC-47A9-48A9-A1E1-A78416582192}"
EndProject
Project("{2150E333-8FDC-42A3-9474-1A3956D46DE8}") = "Solution Items", "Solution Items", "{2D702C24-103A-4561-8D86-62DBB2831900}"
	ProjectSection(SolutionItems) = preProject
		.editorconfig = .editorconfig
		build.props = build.props
		..\BuildAndTest.cmd = ..\BuildAndTest.cmd
		..\scripts\BuildAndTest.ps1 = ..\scripts\BuildAndTest.ps1
		..\scripts\BuildPackagesFromSigningDirectory.ps1 = ..\scripts\BuildPackagesFromSigningDirectory.ps1
		..\scripts\New-AtomXml.ps1 = ..\scripts\New-AtomXml.ps1
		..\scripts\New-VersionConstantsFile.ps1 = ..\scripts\New-VersionConstantsFile.ps1
		..\scripts\Projects.psm1 = ..\scripts\Projects.psm1
		..\scripts\RegistrySettings.ps1 = ..\scripts\RegistrySettings.ps1
		ReleaseHistory.md = ReleaseHistory.md
		..\scripts\Run-Tests.ps1 = ..\scripts\Run-Tests.ps1
		..\scripts\ScriptUtilities.psm1 = ..\scripts\ScriptUtilities.psm1
		..\scripts\Unzip.ps1 = ..\scripts\Unzip.ps1
		version.json = version.json
	EndProjectSection
EndProject
Project("{FAE04EC0-301F-11D3-BF4B-00C04F79EFBC}") = "Sarif.Viewer.VisualStudio.Interop", "Sarif.Viewer.VisualStudio.Interop\Sarif.Viewer.VisualStudio.Interop.csproj", "{9D407555-D268-461E-BFAF-4251B0FBF7C9}"
EndProject
Project("{FAE04EC0-301F-11D3-BF4B-00C04F79EFBC}") = "Sarif.Sarifer", "Sarif.Sarifer\Sarif.Sarifer.csproj", "{F3E3199F-C005-4A14-B96B-974896986EDC}"
EndProject
Project("{FAE04EC0-301F-11D3-BF4B-00C04F79EFBC}") = "Sarif.Sarifer.UnitTests", "Sarif.Sarifer.UnitTests\Sarif.Sarifer.UnitTests.csproj", "{52579A83-C0BF-4307-95CD-39C388070736}"
EndProject
Project("{9A19103F-16F7-4668-BE54-9A1E7A4F7556}") = "Sarif", "sarif-pattern-matcher\Src\sarif-sdk\src\Sarif\Sarif.csproj", "{BF73BD60-7DBC-4DA0-A13D-13246EEF8A93}"
EndProject
Project("{9A19103F-16F7-4668-BE54-9A1E7A4F7556}") = "Sarif.Driver", "sarif-pattern-matcher\Src\sarif-sdk\src\Sarif.Driver\Sarif.Driver.csproj", "{ACFA4370-A4EC-4252-99E7-A7FA489126DB}"
EndProject
Project("{9A19103F-16F7-4668-BE54-9A1E7A4F7556}") = "RE2.Managed", "sarif-pattern-matcher\Src\RE2.Managed\RE2.Managed.csproj", "{A4DF60A6-F128-4BFF-AB1E-E042A3279073}"
EndProject
Project("{9A19103F-16F7-4668-BE54-9A1E7A4F7556}") = "Sarif.Converters", "sarif-pattern-matcher\Src\sarif-sdk\src\Sarif.Converters\Sarif.Converters.csproj", "{BA882944-7D32-4543-959A-964B7795F11E}"
EndProject
Project("{9A19103F-16F7-4668-BE54-9A1E7A4F7556}") = "Sarif.PatternMatcher", "sarif-pattern-matcher\Src\Sarif.PatternMatcher\Sarif.PatternMatcher.csproj", "{141A7597-CC51-4EAC-A168-D2691149AB5B}"
EndProject
Project("{9A19103F-16F7-4668-BE54-9A1E7A4F7556}") = "Strings.Interop", "sarif-pattern-matcher\Src\Strings.Interop\Strings.Interop.csproj", "{AA731FF3-5423-49F9-84C9-D05543FBA360}"
EndProject
Global
	GlobalSection(SolutionConfigurationPlatforms) = preSolution
		Debug|AnyCPU = Debug|AnyCPU
		Debug|x64 = Debug|x64
		Debug|x86 = Debug|x86
		Release|AnyCPU = Release|AnyCPU
		Release|x64 = Release|x64
		Release|x86 = Release|x86
	EndGlobalSection
	GlobalSection(ProjectConfigurationPlatforms) = postSolution
		{689AF24B-33F0-44E9-AA2E-FACA775736A8}.Debug|AnyCPU.ActiveCfg = Debug|Any CPU
		{689AF24B-33F0-44E9-AA2E-FACA775736A8}.Debug|AnyCPU.Build.0 = Debug|Any CPU
		{689AF24B-33F0-44E9-AA2E-FACA775736A8}.Debug|x64.ActiveCfg = Debug|x64
		{689AF24B-33F0-44E9-AA2E-FACA775736A8}.Debug|x64.Build.0 = Debug|x64
		{689AF24B-33F0-44E9-AA2E-FACA775736A8}.Debug|x86.ActiveCfg = Debug|x86
		{689AF24B-33F0-44E9-AA2E-FACA775736A8}.Debug|x86.Build.0 = Debug|x86
		{689AF24B-33F0-44E9-AA2E-FACA775736A8}.Release|AnyCPU.ActiveCfg = Release|Any CPU
		{689AF24B-33F0-44E9-AA2E-FACA775736A8}.Release|AnyCPU.Build.0 = Release|Any CPU
		{689AF24B-33F0-44E9-AA2E-FACA775736A8}.Release|x64.ActiveCfg = Release|x64
		{689AF24B-33F0-44E9-AA2E-FACA775736A8}.Release|x64.Build.0 = Release|x64
		{689AF24B-33F0-44E9-AA2E-FACA775736A8}.Release|x86.ActiveCfg = Release|x86
		{689AF24B-33F0-44E9-AA2E-FACA775736A8}.Release|x86.Build.0 = Release|x86
		{824ABDCC-47A9-48A9-A1E1-A78416582192}.Debug|AnyCPU.ActiveCfg = Debug|Any CPU
		{824ABDCC-47A9-48A9-A1E1-A78416582192}.Debug|AnyCPU.Build.0 = Debug|Any CPU
		{824ABDCC-47A9-48A9-A1E1-A78416582192}.Debug|x64.ActiveCfg = Debug|x64
		{824ABDCC-47A9-48A9-A1E1-A78416582192}.Debug|x64.Build.0 = Debug|x64
		{824ABDCC-47A9-48A9-A1E1-A78416582192}.Debug|x86.ActiveCfg = Debug|x86
		{824ABDCC-47A9-48A9-A1E1-A78416582192}.Debug|x86.Build.0 = Debug|x86
		{824ABDCC-47A9-48A9-A1E1-A78416582192}.Release|AnyCPU.ActiveCfg = Release|Any CPU
		{824ABDCC-47A9-48A9-A1E1-A78416582192}.Release|AnyCPU.Build.0 = Release|Any CPU
		{824ABDCC-47A9-48A9-A1E1-A78416582192}.Release|x64.ActiveCfg = Release|x64
		{824ABDCC-47A9-48A9-A1E1-A78416582192}.Release|x64.Build.0 = Release|x64
		{824ABDCC-47A9-48A9-A1E1-A78416582192}.Release|x86.ActiveCfg = Release|x86
		{824ABDCC-47A9-48A9-A1E1-A78416582192}.Release|x86.Build.0 = Release|x86
		{9D407555-D268-461E-BFAF-4251B0FBF7C9}.Debug|AnyCPU.ActiveCfg = Debug|Any CPU
		{9D407555-D268-461E-BFAF-4251B0FBF7C9}.Debug|AnyCPU.Build.0 = Debug|Any CPU
		{9D407555-D268-461E-BFAF-4251B0FBF7C9}.Debug|x64.ActiveCfg = Debug|Any CPU
		{9D407555-D268-461E-BFAF-4251B0FBF7C9}.Debug|x64.Build.0 = Debug|Any CPU
		{9D407555-D268-461E-BFAF-4251B0FBF7C9}.Debug|x86.ActiveCfg = Debug|Any CPU
		{9D407555-D268-461E-BFAF-4251B0FBF7C9}.Debug|x86.Build.0 = Debug|Any CPU
		{9D407555-D268-461E-BFAF-4251B0FBF7C9}.Release|AnyCPU.ActiveCfg = Release|Any CPU
		{9D407555-D268-461E-BFAF-4251B0FBF7C9}.Release|AnyCPU.Build.0 = Release|Any CPU
		{9D407555-D268-461E-BFAF-4251B0FBF7C9}.Release|x64.ActiveCfg = Release|Any CPU
		{9D407555-D268-461E-BFAF-4251B0FBF7C9}.Release|x64.Build.0 = Release|Any CPU
		{9D407555-D268-461E-BFAF-4251B0FBF7C9}.Release|x86.ActiveCfg = Release|Any CPU
		{9D407555-D268-461E-BFAF-4251B0FBF7C9}.Release|x86.Build.0 = Release|Any CPU
		{F3E3199F-C005-4A14-B96B-974896986EDC}.Debug|AnyCPU.ActiveCfg = Debug|Any CPU
		{F3E3199F-C005-4A14-B96B-974896986EDC}.Debug|AnyCPU.Build.0 = Debug|Any CPU
		{F3E3199F-C005-4A14-B96B-974896986EDC}.Debug|x64.ActiveCfg = Debug|Any CPU
		{F3E3199F-C005-4A14-B96B-974896986EDC}.Debug|x64.Build.0 = Debug|Any CPU
		{F3E3199F-C005-4A14-B96B-974896986EDC}.Debug|x86.ActiveCfg = Debug|Any CPU
		{F3E3199F-C005-4A14-B96B-974896986EDC}.Debug|x86.Build.0 = Debug|Any CPU
		{F3E3199F-C005-4A14-B96B-974896986EDC}.Release|AnyCPU.ActiveCfg = Release|Any CPU
		{F3E3199F-C005-4A14-B96B-974896986EDC}.Release|AnyCPU.Build.0 = Release|Any CPU
		{F3E3199F-C005-4A14-B96B-974896986EDC}.Release|x64.ActiveCfg = Release|Any CPU
		{F3E3199F-C005-4A14-B96B-974896986EDC}.Release|x64.Build.0 = Release|Any CPU
		{F3E3199F-C005-4A14-B96B-974896986EDC}.Release|x86.ActiveCfg = Release|Any CPU
		{F3E3199F-C005-4A14-B96B-974896986EDC}.Release|x86.Build.0 = Release|Any CPU
		{52579A83-C0BF-4307-95CD-39C388070736}.Debug|AnyCPU.ActiveCfg = Debug|Any CPU
		{52579A83-C0BF-4307-95CD-39C388070736}.Debug|AnyCPU.Build.0 = Debug|Any CPU
		{52579A83-C0BF-4307-95CD-39C388070736}.Debug|x64.ActiveCfg = Debug|Any CPU
		{52579A83-C0BF-4307-95CD-39C388070736}.Debug|x64.Build.0 = Debug|Any CPU
		{52579A83-C0BF-4307-95CD-39C388070736}.Debug|x86.ActiveCfg = Debug|Any CPU
		{52579A83-C0BF-4307-95CD-39C388070736}.Debug|x86.Build.0 = Debug|Any CPU
		{52579A83-C0BF-4307-95CD-39C388070736}.Release|AnyCPU.ActiveCfg = Release|Any CPU
		{52579A83-C0BF-4307-95CD-39C388070736}.Release|AnyCPU.Build.0 = Release|Any CPU
		{52579A83-C0BF-4307-95CD-39C388070736}.Release|x64.ActiveCfg = Release|Any CPU
		{52579A83-C0BF-4307-95CD-39C388070736}.Release|x64.Build.0 = Release|Any CPU
		{52579A83-C0BF-4307-95CD-39C388070736}.Release|x86.ActiveCfg = Release|Any CPU
		{52579A83-C0BF-4307-95CD-39C388070736}.Release|x86.Build.0 = Release|Any CPU
		{BF73BD60-7DBC-4DA0-A13D-13246EEF8A93}.Debug|AnyCPU.ActiveCfg = Debug|Any CPU
		{BF73BD60-7DBC-4DA0-A13D-13246EEF8A93}.Debug|AnyCPU.Build.0 = Debug|Any CPU
		{BF73BD60-7DBC-4DA0-A13D-13246EEF8A93}.Debug|x64.ActiveCfg = Debug|Any CPU
		{BF73BD60-7DBC-4DA0-A13D-13246EEF8A93}.Debug|x64.Build.0 = Debug|Any CPU
		{BF73BD60-7DBC-4DA0-A13D-13246EEF8A93}.Debug|x86.ActiveCfg = Debug|Any CPU
		{BF73BD60-7DBC-4DA0-A13D-13246EEF8A93}.Debug|x86.Build.0 = Debug|Any CPU
		{BF73BD60-7DBC-4DA0-A13D-13246EEF8A93}.Release|AnyCPU.ActiveCfg = Release|Any CPU
		{BF73BD60-7DBC-4DA0-A13D-13246EEF8A93}.Release|AnyCPU.Build.0 = Release|Any CPU
		{BF73BD60-7DBC-4DA0-A13D-13246EEF8A93}.Release|x64.ActiveCfg = Release|Any CPU
		{BF73BD60-7DBC-4DA0-A13D-13246EEF8A93}.Release|x64.Build.0 = Release|Any CPU
		{BF73BD60-7DBC-4DA0-A13D-13246EEF8A93}.Release|x86.ActiveCfg = Release|Any CPU
		{BF73BD60-7DBC-4DA0-A13D-13246EEF8A93}.Release|x86.Build.0 = Release|Any CPU
		{ACFA4370-A4EC-4252-99E7-A7FA489126DB}.Debug|AnyCPU.ActiveCfg = Debug|Any CPU
		{ACFA4370-A4EC-4252-99E7-A7FA489126DB}.Debug|AnyCPU.Build.0 = Debug|Any CPU
		{ACFA4370-A4EC-4252-99E7-A7FA489126DB}.Debug|x64.ActiveCfg = Debug|Any CPU
		{ACFA4370-A4EC-4252-99E7-A7FA489126DB}.Debug|x64.Build.0 = Debug|Any CPU
		{ACFA4370-A4EC-4252-99E7-A7FA489126DB}.Debug|x86.ActiveCfg = Debug|Any CPU
		{ACFA4370-A4EC-4252-99E7-A7FA489126DB}.Debug|x86.Build.0 = Debug|Any CPU
		{ACFA4370-A4EC-4252-99E7-A7FA489126DB}.Release|AnyCPU.ActiveCfg = Release|Any CPU
		{ACFA4370-A4EC-4252-99E7-A7FA489126DB}.Release|AnyCPU.Build.0 = Release|Any CPU
		{ACFA4370-A4EC-4252-99E7-A7FA489126DB}.Release|x64.ActiveCfg = Release|Any CPU
		{ACFA4370-A4EC-4252-99E7-A7FA489126DB}.Release|x64.Build.0 = Release|Any CPU
		{ACFA4370-A4EC-4252-99E7-A7FA489126DB}.Release|x86.ActiveCfg = Release|Any CPU
		{ACFA4370-A4EC-4252-99E7-A7FA489126DB}.Release|x86.Build.0 = Release|Any CPU
		{A4DF60A6-F128-4BFF-AB1E-E042A3279073}.Debug|AnyCPU.ActiveCfg = Debug|Any CPU
		{A4DF60A6-F128-4BFF-AB1E-E042A3279073}.Debug|AnyCPU.Build.0 = Debug|Any CPU
		{A4DF60A6-F128-4BFF-AB1E-E042A3279073}.Debug|x64.ActiveCfg = Debug|Any CPU
		{A4DF60A6-F128-4BFF-AB1E-E042A3279073}.Debug|x64.Build.0 = Debug|Any CPU
		{A4DF60A6-F128-4BFF-AB1E-E042A3279073}.Debug|x86.ActiveCfg = Debug|Any CPU
		{A4DF60A6-F128-4BFF-AB1E-E042A3279073}.Debug|x86.Build.0 = Debug|Any CPU
		{A4DF60A6-F128-4BFF-AB1E-E042A3279073}.Release|AnyCPU.ActiveCfg = Release|Any CPU
		{A4DF60A6-F128-4BFF-AB1E-E042A3279073}.Release|AnyCPU.Build.0 = Release|Any CPU
		{A4DF60A6-F128-4BFF-AB1E-E042A3279073}.Release|x64.ActiveCfg = Release|Any CPU
		{A4DF60A6-F128-4BFF-AB1E-E042A3279073}.Release|x64.Build.0 = Release|Any CPU
		{A4DF60A6-F128-4BFF-AB1E-E042A3279073}.Release|x86.ActiveCfg = Release|Any CPU
		{A4DF60A6-F128-4BFF-AB1E-E042A3279073}.Release|x86.Build.0 = Release|Any CPU
		{BA882944-7D32-4543-959A-964B7795F11E}.Debug|AnyCPU.ActiveCfg = Debug|Any CPU
		{BA882944-7D32-4543-959A-964B7795F11E}.Debug|AnyCPU.Build.0 = Debug|Any CPU
		{BA882944-7D32-4543-959A-964B7795F11E}.Debug|x64.ActiveCfg = Debug|Any CPU
		{BA882944-7D32-4543-959A-964B7795F11E}.Debug|x64.Build.0 = Debug|Any CPU
		{BA882944-7D32-4543-959A-964B7795F11E}.Debug|x86.ActiveCfg = Debug|Any CPU
		{BA882944-7D32-4543-959A-964B7795F11E}.Debug|x86.Build.0 = Debug|Any CPU
		{BA882944-7D32-4543-959A-964B7795F11E}.Release|AnyCPU.ActiveCfg = Release|Any CPU
		{BA882944-7D32-4543-959A-964B7795F11E}.Release|AnyCPU.Build.0 = Release|Any CPU
		{BA882944-7D32-4543-959A-964B7795F11E}.Release|x64.ActiveCfg = Release|Any CPU
		{BA882944-7D32-4543-959A-964B7795F11E}.Release|x64.Build.0 = Release|Any CPU
		{BA882944-7D32-4543-959A-964B7795F11E}.Release|x86.ActiveCfg = Release|Any CPU
		{BA882944-7D32-4543-959A-964B7795F11E}.Release|x86.Build.0 = Release|Any CPU
		{141A7597-CC51-4EAC-A168-D2691149AB5B}.Debug|AnyCPU.ActiveCfg = Debug|Any CPU
		{141A7597-CC51-4EAC-A168-D2691149AB5B}.Debug|AnyCPU.Build.0 = Debug|Any CPU
		{141A7597-CC51-4EAC-A168-D2691149AB5B}.Debug|x64.ActiveCfg = Debug|Any CPU
		{141A7597-CC51-4EAC-A168-D2691149AB5B}.Debug|x64.Build.0 = Debug|Any CPU
		{141A7597-CC51-4EAC-A168-D2691149AB5B}.Debug|x86.ActiveCfg = Debug|Any CPU
		{141A7597-CC51-4EAC-A168-D2691149AB5B}.Debug|x86.Build.0 = Debug|Any CPU
		{141A7597-CC51-4EAC-A168-D2691149AB5B}.Release|AnyCPU.ActiveCfg = Release|Any CPU
		{141A7597-CC51-4EAC-A168-D2691149AB5B}.Release|AnyCPU.Build.0 = Release|Any CPU
		{141A7597-CC51-4EAC-A168-D2691149AB5B}.Release|x64.ActiveCfg = Release|Any CPU
		{141A7597-CC51-4EAC-A168-D2691149AB5B}.Release|x64.Build.0 = Release|Any CPU
		{141A7597-CC51-4EAC-A168-D2691149AB5B}.Release|x86.ActiveCfg = Release|Any CPU
		{141A7597-CC51-4EAC-A168-D2691149AB5B}.Release|x86.Build.0 = Release|Any CPU
		{AA731FF3-5423-49F9-84C9-D05543FBA360}.Debug|AnyCPU.ActiveCfg = Debug|Any CPU
		{AA731FF3-5423-49F9-84C9-D05543FBA360}.Debug|AnyCPU.Build.0 = Debug|Any CPU
		{AA731FF3-5423-49F9-84C9-D05543FBA360}.Debug|x64.ActiveCfg = Debug|Any CPU
		{AA731FF3-5423-49F9-84C9-D05543FBA360}.Debug|x64.Build.0 = Debug|Any CPU
		{AA731FF3-5423-49F9-84C9-D05543FBA360}.Debug|x86.ActiveCfg = Debug|Any CPU
		{AA731FF3-5423-49F9-84C9-D05543FBA360}.Debug|x86.Build.0 = Debug|Any CPU
		{AA731FF3-5423-49F9-84C9-D05543FBA360}.Release|AnyCPU.ActiveCfg = Release|Any CPU
		{AA731FF3-5423-49F9-84C9-D05543FBA360}.Release|AnyCPU.Build.0 = Release|Any CPU
		{AA731FF3-5423-49F9-84C9-D05543FBA360}.Release|x64.ActiveCfg = Release|Any CPU
		{AA731FF3-5423-49F9-84C9-D05543FBA360}.Release|x64.Build.0 = Release|Any CPU
		{AA731FF3-5423-49F9-84C9-D05543FBA360}.Release|x86.ActiveCfg = Release|Any CPU
		{AA731FF3-5423-49F9-84C9-D05543FBA360}.Release|x86.Build.0 = Release|Any CPU
	EndGlobalSection
	GlobalSection(SolutionProperties) = preSolution
		HideSolutionNode = FALSE
	EndGlobalSection
	GlobalSection(ExtensibilityGlobals) = postSolution
		SolutionGuid = {767E843F-A395-4BD3-9275-69B35841770B}
	EndGlobalSection
EndGlobal
